// !$*UTF8*$!
{
	archiveVersion = 1;
	classes = {
	};
	objectVersion = 46;
	objects = {

/* Begin PBXBuildFile section */
		394D27665E5672044448CDCF /* libPods-AsthmaHealth.a in Frameworks */ = {isa = PBXBuildFile; fileRef = 4558CE8C8B08463856C554DF /* libPods-AsthmaHealth.a */; };
		B403FA9D1C58002300146B3C /* Activities.storyboard in Resources */ = {isa = PBXBuildFile; fileRef = B403FA9C1C58002300146B3C /* Activities.storyboard */; };
		B403FAA01C5806E400146B3C /* ACMSurveyFactory.m in Sources */ = {isa = PBXBuildFile; fileRef = B403FA9F1C5806E400146B3C /* ACMSurveyFactory.m */; };
		B403FAA31C58097600146B3C /* ACMActivitiesViewController.m in Sources */ = {isa = PBXBuildFile; fileRef = B403FAA21C58097600146B3C /* ACMActivitiesViewController.m */; };
		B403FAA61C59338300146B3C /* ACMResultWrapper.m in Sources */ = {isa = PBXBuildFile; fileRef = B403FAA51C59338300146B3C /* ACMResultWrapper.m */; };
		B43ECBCB1C4FF8DF00865C5A /* Consent.storyboard in Resources */ = {isa = PBXBuildFile; fileRef = B43ECBCA1C4FF8DF00865C5A /* Consent.storyboard */; };
		B43ECBCE1C4FF9D800865C5A /* ACMOnboardingViewController.m in Sources */ = {isa = PBXBuildFile; fileRef = B43ECBCD1C4FF9D800865C5A /* ACMOnboardingViewController.m */; };
		B43ECBD11C50004A00865C5A /* ACMConsentDocument.m in Sources */ = {isa = PBXBuildFile; fileRef = B43ECBD01C50004A00865C5A /* ACMConsentDocument.m */; };
		B43ECBD41C50027500865C5A /* ACMConsentTask.m in Sources */ = {isa = PBXBuildFile; fileRef = B43ECBD31C50027500865C5A /* ACMConsentTask.m */; };
		B43ECBD71C51709E00865C5A /* SignUp.storyboard in Resources */ = {isa = PBXBuildFile; fileRef = B43ECBD61C51709E00865C5A /* SignUp.storyboard */; };
		B43ECBDA1C51772300865C5A /* ACMSignUpViewController.m in Sources */ = {isa = PBXBuildFile; fileRef = B43ECBD91C51772300865C5A /* ACMSignUpViewController.m */; };
		B463CC451C4FE13D002B4F9C /* main.m in Sources */ = {isa = PBXBuildFile; fileRef = B463CC441C4FE13D002B4F9C /* main.m */; };
		B463CC481C4FE13D002B4F9C /* ACMAppDelegate.m in Sources */ = {isa = PBXBuildFile; fileRef = B463CC471C4FE13D002B4F9C /* ACMAppDelegate.m */; };
		B463CC4B1C4FE13D002B4F9C /* ACMConsentViewController.m in Sources */ = {isa = PBXBuildFile; fileRef = B463CC4A1C4FE13D002B4F9C /* ACMConsentViewController.m */; };
		B463CC501C4FE13D002B4F9C /* Assets.xcassets in Resources */ = {isa = PBXBuildFile; fileRef = B463CC4F1C4FE13D002B4F9C /* Assets.xcassets */; };
		B463CC5E1C4FE13E002B4F9C /* AsthmaHealthTests.m in Sources */ = {isa = PBXBuildFile; fileRef = B463CC5D1C4FE13E002B4F9C /* AsthmaHealthTests.m */; };
		B463CC6E1C4FEB70002B4F9C /* LaunchScreen.storyboard in Resources */ = {isa = PBXBuildFile; fileRef = B463CC6D1C4FEB70002B4F9C /* LaunchScreen.storyboard */; };
		B463CC701C4FEB7F002B4F9C /* Onboarding.storyboard in Resources */ = {isa = PBXBuildFile; fileRef = B463CC6F1C4FEB7F002B4F9C /* Onboarding.storyboard */; };
		B4A9CEC91C57D4CC0073A76F /* ORKResult+CloudMine.m in Sources */ = {isa = PBXBuildFile; fileRef = B4A9CEC81C57D4CC0073A76F /* ORKResult+CloudMine.m */; };
		B4B6F4931C5C05A3002EB098 /* ACMUserController.m in Sources */ = {isa = PBXBuildFile; fileRef = B4B6F4921C5C05A3002EB098 /* ACMUserController.m */; };
		B4B6F4961C5C081B002EB098 /* ACMUserData.m in Sources */ = {isa = PBXBuildFile; fileRef = B4B6F4951C5C081B002EB098 /* ACMUserData.m */; };
		B4B6F4981C5FD760002EB098 /* MainPanel.storyboard in Resources */ = {isa = PBXBuildFile; fileRef = B4B6F4971C5FD760002EB098 /* MainPanel.storyboard */; };
		B4B6F49A1C5FECE7002EB098 /* Profile.storyboard in Resources */ = {isa = PBXBuildFile; fileRef = B4B6F4991C5FECE7002EB098 /* Profile.storyboard */; };
		B4B6F49D1C5FEFF3002EB098 /* ACMProfileViewController.m in Sources */ = {isa = PBXBuildFile; fileRef = B4B6F49C1C5FEFF3002EB098 /* ACMProfileViewController.m */; };
		B4F208ED1C6152BB00F81180 /* Login.storyboard in Resources */ = {isa = PBXBuildFile; fileRef = B4F208EC1C6152BB00F81180 /* Login.storyboard */; };
		B4F208F01C615C9800F81180 /* ACMLoginViewController.m in Sources */ = {isa = PBXBuildFile; fileRef = B4F208EF1C615C9800F81180 /* ACMLoginViewController.m */; };
		B4F208F31C615F6E00F81180 /* ACMValidators.m in Sources */ = {isa = PBXBuildFile; fileRef = B4F208F21C615F6E00F81180 /* ACMValidators.m */; };
		B4F208F61C6246C100F81180 /* ACMAlerter.m in Sources */ = {isa = PBXBuildFile; fileRef = B4F208F51C6246C100F81180 /* ACMAlerter.m */; };
		B4F209071C62A2CE00F81180 /* Dashboard.storyboard in Resources */ = {isa = PBXBuildFile; fileRef = B4F209061C62A2CE00F81180 /* Dashboard.storyboard */; };
		B4F2090A1C62A5D400F81180 /* ACMDashboardViewController.m in Sources */ = {isa = PBXBuildFile; fileRef = B4F209091C62A5D400F81180 /* ACMDashboardViewController.m */; };
		B4F209191C650F9600F81180 /* ACMDashSurveysViewController.m in Sources */ = {isa = PBXBuildFile; fileRef = B4F209181C650F9600F81180 /* ACMDashSurveysViewController.m */; };
		B4F2091C1C65440900F81180 /* ACMSurveyMetaData.m in Sources */ = {isa = PBXBuildFile; fileRef = B4F2091B1C65440900F81180 /* ACMSurveyMetaData.m */; };
		B4F2091F1C65458300F81180 /* ACMSurveyCollection.m in Sources */ = {isa = PBXBuildFile; fileRef = B4F2091E1C65458300F81180 /* ACMSurveyCollection.m */; };
		B4F209211C65B38800F81180 /* Learn.storyboard in Resources */ = {isa = PBXBuildFile; fileRef = B4F209201C65B38800F81180 /* Learn.storyboard */; };
/* End PBXBuildFile section */

/* Begin PBXContainerItemProxy section */
		B463CC5A1C4FE13E002B4F9C /* PBXContainerItemProxy */ = {
			isa = PBXContainerItemProxy;
			containerPortal = B463CC381C4FE13D002B4F9C /* Project object */;
			proxyType = 1;
			remoteGlobalIDString = B463CC3F1C4FE13D002B4F9C;
			remoteInfo = AsthmaHealth;
		};
/* End PBXContainerItemProxy section */

/* Begin PBXFileReference section */
		4558CE8C8B08463856C554DF /* libPods-AsthmaHealth.a */ = {isa = PBXFileReference; explicitFileType = archive.ar; includeInIndex = 0; path = "libPods-AsthmaHealth.a"; sourceTree = BUILT_PRODUCTS_DIR; };
		5FCA5FDF42D14EBE6C192A99 /* Pods-AsthmaHealth.debug.xcconfig */ = {isa = PBXFileReference; includeInIndex = 1; lastKnownFileType = text.xcconfig; name = "Pods-AsthmaHealth.debug.xcconfig"; path = "Pods/Target Support Files/Pods-AsthmaHealth/Pods-AsthmaHealth.debug.xcconfig"; sourceTree = "<group>"; };
		B403FA9C1C58002300146B3C /* Activities.storyboard */ = {isa = PBXFileReference; fileEncoding = 4; lastKnownFileType = file.storyboard; path = Activities.storyboard; sourceTree = "<group>"; };
		B403FA9E1C5806E400146B3C /* ACMSurveyFactory.h */ = {isa = PBXFileReference; fileEncoding = 4; lastKnownFileType = sourcecode.c.h; path = ACMSurveyFactory.h; sourceTree = "<group>"; };
		B403FA9F1C5806E400146B3C /* ACMSurveyFactory.m */ = {isa = PBXFileReference; fileEncoding = 4; lastKnownFileType = sourcecode.c.objc; path = ACMSurveyFactory.m; sourceTree = "<group>"; };
		B403FAA11C58097600146B3C /* ACMActivitiesViewController.h */ = {isa = PBXFileReference; fileEncoding = 4; lastKnownFileType = sourcecode.c.h; path = ACMActivitiesViewController.h; sourceTree = "<group>"; };
		B403FAA21C58097600146B3C /* ACMActivitiesViewController.m */ = {isa = PBXFileReference; fileEncoding = 4; lastKnownFileType = sourcecode.c.objc; path = ACMActivitiesViewController.m; sourceTree = "<group>"; };
		B403FAA41C59338300146B3C /* ACMResultWrapper.h */ = {isa = PBXFileReference; fileEncoding = 4; lastKnownFileType = sourcecode.c.h; path = ACMResultWrapper.h; sourceTree = "<group>"; };
		B403FAA51C59338300146B3C /* ACMResultWrapper.m */ = {isa = PBXFileReference; fileEncoding = 4; lastKnownFileType = sourcecode.c.objc; path = ACMResultWrapper.m; sourceTree = "<group>"; };
		B43ECBCA1C4FF8DF00865C5A /* Consent.storyboard */ = {isa = PBXFileReference; fileEncoding = 4; lastKnownFileType = file.storyboard; path = Consent.storyboard; sourceTree = "<group>"; };
		B43ECBCC1C4FF9D800865C5A /* ACMOnboardingViewController.h */ = {isa = PBXFileReference; fileEncoding = 4; lastKnownFileType = sourcecode.c.h; path = ACMOnboardingViewController.h; sourceTree = "<group>"; };
		B43ECBCD1C4FF9D800865C5A /* ACMOnboardingViewController.m */ = {isa = PBXFileReference; fileEncoding = 4; lastKnownFileType = sourcecode.c.objc; path = ACMOnboardingViewController.m; sourceTree = "<group>"; };
		B43ECBCF1C50004A00865C5A /* ACMConsentDocument.h */ = {isa = PBXFileReference; fileEncoding = 4; lastKnownFileType = sourcecode.c.h; path = ACMConsentDocument.h; sourceTree = "<group>"; };
		B43ECBD01C50004A00865C5A /* ACMConsentDocument.m */ = {isa = PBXFileReference; fileEncoding = 4; lastKnownFileType = sourcecode.c.objc; path = ACMConsentDocument.m; sourceTree = "<group>"; };
		B43ECBD21C50027500865C5A /* ACMConsentTask.h */ = {isa = PBXFileReference; fileEncoding = 4; lastKnownFileType = sourcecode.c.h; path = ACMConsentTask.h; sourceTree = "<group>"; };
		B43ECBD31C50027500865C5A /* ACMConsentTask.m */ = {isa = PBXFileReference; fileEncoding = 4; lastKnownFileType = sourcecode.c.objc; path = ACMConsentTask.m; sourceTree = "<group>"; };
		B43ECBD61C51709E00865C5A /* SignUp.storyboard */ = {isa = PBXFileReference; fileEncoding = 4; lastKnownFileType = file.storyboard; path = SignUp.storyboard; sourceTree = "<group>"; };
		B43ECBD81C51772300865C5A /* ACMSignUpViewController.h */ = {isa = PBXFileReference; fileEncoding = 4; lastKnownFileType = sourcecode.c.h; path = ACMSignUpViewController.h; sourceTree = "<group>"; };
		B43ECBD91C51772300865C5A /* ACMSignUpViewController.m */ = {isa = PBXFileReference; fileEncoding = 4; lastKnownFileType = sourcecode.c.objc; path = ACMSignUpViewController.m; sourceTree = "<group>"; };
		B43ECBDB1C51885900865C5A /* Secrets.h */ = {isa = PBXFileReference; lastKnownFileType = sourcecode.c.h; path = Secrets.h; sourceTree = "<group>"; };
		B463CC401C4FE13D002B4F9C /* AsthmaHealth.app */ = {isa = PBXFileReference; explicitFileType = wrapper.application; includeInIndex = 0; path = AsthmaHealth.app; sourceTree = BUILT_PRODUCTS_DIR; };
		B463CC441C4FE13D002B4F9C /* main.m */ = {isa = PBXFileReference; lastKnownFileType = sourcecode.c.objc; path = main.m; sourceTree = "<group>"; };
		B463CC461C4FE13D002B4F9C /* ACMAppDelegate.h */ = {isa = PBXFileReference; lastKnownFileType = sourcecode.c.h; path = ACMAppDelegate.h; sourceTree = "<group>"; };
		B463CC471C4FE13D002B4F9C /* ACMAppDelegate.m */ = {isa = PBXFileReference; lastKnownFileType = sourcecode.c.objc; path = ACMAppDelegate.m; sourceTree = "<group>"; };
		B463CC491C4FE13D002B4F9C /* ACMConsentViewController.h */ = {isa = PBXFileReference; lastKnownFileType = sourcecode.c.h; path = ACMConsentViewController.h; sourceTree = "<group>"; };
		B463CC4A1C4FE13D002B4F9C /* ACMConsentViewController.m */ = {isa = PBXFileReference; lastKnownFileType = sourcecode.c.objc; path = ACMConsentViewController.m; sourceTree = "<group>"; };
		B463CC4F1C4FE13D002B4F9C /* Assets.xcassets */ = {isa = PBXFileReference; lastKnownFileType = folder.assetcatalog; path = Assets.xcassets; sourceTree = "<group>"; };
		B463CC541C4FE13D002B4F9C /* Info.plist */ = {isa = PBXFileReference; lastKnownFileType = text.plist.xml; path = Info.plist; sourceTree = "<group>"; };
		B463CC591C4FE13E002B4F9C /* AsthmaHealthTests.xctest */ = {isa = PBXFileReference; explicitFileType = wrapper.cfbundle; includeInIndex = 0; path = AsthmaHealthTests.xctest; sourceTree = BUILT_PRODUCTS_DIR; };
		B463CC5D1C4FE13E002B4F9C /* AsthmaHealthTests.m */ = {isa = PBXFileReference; lastKnownFileType = sourcecode.c.objc; path = AsthmaHealthTests.m; sourceTree = "<group>"; };
		B463CC5F1C4FE13E002B4F9C /* Info.plist */ = {isa = PBXFileReference; lastKnownFileType = text.plist.xml; path = Info.plist; sourceTree = "<group>"; };
		B463CC6D1C4FEB70002B4F9C /* LaunchScreen.storyboard */ = {isa = PBXFileReference; fileEncoding = 4; lastKnownFileType = file.storyboard; path = LaunchScreen.storyboard; sourceTree = "<group>"; };
		B463CC6F1C4FEB7F002B4F9C /* Onboarding.storyboard */ = {isa = PBXFileReference; fileEncoding = 4; lastKnownFileType = file.storyboard; path = Onboarding.storyboard; sourceTree = "<group>"; };
		B4A9CEC71C57D4CC0073A76F /* ORKResult+CloudMine.h */ = {isa = PBXFileReference; fileEncoding = 4; lastKnownFileType = sourcecode.c.h; path = "ORKResult+CloudMine.h"; sourceTree = "<group>"; };
		B4A9CEC81C57D4CC0073A76F /* ORKResult+CloudMine.m */ = {isa = PBXFileReference; fileEncoding = 4; lastKnownFileType = sourcecode.c.objc; path = "ORKResult+CloudMine.m"; sourceTree = "<group>"; };
		B4B6F4911C5C05A3002EB098 /* ACMUserController.h */ = {isa = PBXFileReference; fileEncoding = 4; lastKnownFileType = sourcecode.c.h; path = ACMUserController.h; sourceTree = "<group>"; };
		B4B6F4921C5C05A3002EB098 /* ACMUserController.m */ = {isa = PBXFileReference; fileEncoding = 4; lastKnownFileType = sourcecode.c.objc; path = ACMUserController.m; sourceTree = "<group>"; };
		B4B6F4941C5C081B002EB098 /* ACMUserData.h */ = {isa = PBXFileReference; fileEncoding = 4; lastKnownFileType = sourcecode.c.h; path = ACMUserData.h; sourceTree = "<group>"; };
		B4B6F4951C5C081B002EB098 /* ACMUserData.m */ = {isa = PBXFileReference; fileEncoding = 4; lastKnownFileType = sourcecode.c.objc; path = ACMUserData.m; sourceTree = "<group>"; };
		B4B6F4971C5FD760002EB098 /* MainPanel.storyboard */ = {isa = PBXFileReference; fileEncoding = 4; lastKnownFileType = file.storyboard; path = MainPanel.storyboard; sourceTree = "<group>"; };
		B4B6F4991C5FECE7002EB098 /* Profile.storyboard */ = {isa = PBXFileReference; fileEncoding = 4; lastKnownFileType = file.storyboard; path = Profile.storyboard; sourceTree = "<group>"; };
		B4B6F49B1C5FEFF3002EB098 /* ACMProfileViewController.h */ = {isa = PBXFileReference; fileEncoding = 4; lastKnownFileType = sourcecode.c.h; path = ACMProfileViewController.h; sourceTree = "<group>"; };
		B4B6F49C1C5FEFF3002EB098 /* ACMProfileViewController.m */ = {isa = PBXFileReference; fileEncoding = 4; lastKnownFileType = sourcecode.c.objc; path = ACMProfileViewController.m; sourceTree = "<group>"; };
		B4F208EC1C6152BB00F81180 /* Login.storyboard */ = {isa = PBXFileReference; fileEncoding = 4; lastKnownFileType = file.storyboard; path = Login.storyboard; sourceTree = "<group>"; };
		B4F208EE1C615C9800F81180 /* ACMLoginViewController.h */ = {isa = PBXFileReference; fileEncoding = 4; lastKnownFileType = sourcecode.c.h; path = ACMLoginViewController.h; sourceTree = "<group>"; };
		B4F208EF1C615C9800F81180 /* ACMLoginViewController.m */ = {isa = PBXFileReference; fileEncoding = 4; lastKnownFileType = sourcecode.c.objc; path = ACMLoginViewController.m; sourceTree = "<group>"; };
		B4F208F11C615F6E00F81180 /* ACMValidators.h */ = {isa = PBXFileReference; fileEncoding = 4; lastKnownFileType = sourcecode.c.h; path = ACMValidators.h; sourceTree = "<group>"; };
		B4F208F21C615F6E00F81180 /* ACMValidators.m */ = {isa = PBXFileReference; fileEncoding = 4; lastKnownFileType = sourcecode.c.objc; path = ACMValidators.m; sourceTree = "<group>"; };
		B4F208F41C6246C100F81180 /* ACMAlerter.h */ = {isa = PBXFileReference; fileEncoding = 4; lastKnownFileType = sourcecode.c.h; path = ACMAlerter.h; sourceTree = "<group>"; };
		B4F208F51C6246C100F81180 /* ACMAlerter.m */ = {isa = PBXFileReference; fileEncoding = 4; lastKnownFileType = sourcecode.c.objc; path = ACMAlerter.m; sourceTree = "<group>"; };
		B4F209061C62A2CE00F81180 /* Dashboard.storyboard */ = {isa = PBXFileReference; fileEncoding = 4; lastKnownFileType = file.storyboard; path = Dashboard.storyboard; sourceTree = "<group>"; };
		B4F209081C62A5D400F81180 /* ACMDashboardViewController.h */ = {isa = PBXFileReference; fileEncoding = 4; lastKnownFileType = sourcecode.c.h; path = ACMDashboardViewController.h; sourceTree = "<group>"; };
		B4F209091C62A5D400F81180 /* ACMDashboardViewController.m */ = {isa = PBXFileReference; fileEncoding = 4; lastKnownFileType = sourcecode.c.objc; path = ACMDashboardViewController.m; sourceTree = "<group>"; };
		B4F209171C650F9600F81180 /* ACMDashSurveysViewController.h */ = {isa = PBXFileReference; fileEncoding = 4; lastKnownFileType = sourcecode.c.h; path = ACMDashSurveysViewController.h; sourceTree = "<group>"; };
		B4F209181C650F9600F81180 /* ACMDashSurveysViewController.m */ = {isa = PBXFileReference; fileEncoding = 4; lastKnownFileType = sourcecode.c.objc; path = ACMDashSurveysViewController.m; sourceTree = "<group>"; };
		B4F2091A1C65440900F81180 /* ACMSurveyMetaData.h */ = {isa = PBXFileReference; fileEncoding = 4; lastKnownFileType = sourcecode.c.h; path = ACMSurveyMetaData.h; sourceTree = "<group>"; };
		B4F2091B1C65440900F81180 /* ACMSurveyMetaData.m */ = {isa = PBXFileReference; fileEncoding = 4; lastKnownFileType = sourcecode.c.objc; path = ACMSurveyMetaData.m; sourceTree = "<group>"; };
		B4F2091D1C65458300F81180 /* ACMSurveyCollection.h */ = {isa = PBXFileReference; fileEncoding = 4; lastKnownFileType = sourcecode.c.h; path = ACMSurveyCollection.h; sourceTree = "<group>"; };
		B4F2091E1C65458300F81180 /* ACMSurveyCollection.m */ = {isa = PBXFileReference; fileEncoding = 4; lastKnownFileType = sourcecode.c.objc; path = ACMSurveyCollection.m; sourceTree = "<group>"; };
		B4F209201C65B38800F81180 /* Learn.storyboard */ = {isa = PBXFileReference; fileEncoding = 4; lastKnownFileType = file.storyboard; path = Learn.storyboard; sourceTree = "<group>"; };
		ED477E84A6745291D4FA5E6F /* Pods-AsthmaHealth.release.xcconfig */ = {isa = PBXFileReference; includeInIndex = 1; lastKnownFileType = text.xcconfig; name = "Pods-AsthmaHealth.release.xcconfig"; path = "Pods/Target Support Files/Pods-AsthmaHealth/Pods-AsthmaHealth.release.xcconfig"; sourceTree = "<group>"; };
/* End PBXFileReference section */

/* Begin PBXFrameworksBuildPhase section */
		B463CC3D1C4FE13D002B4F9C /* Frameworks */ = {
			isa = PBXFrameworksBuildPhase;
			buildActionMask = 2147483647;
			files = (
				394D27665E5672044448CDCF /* libPods-AsthmaHealth.a in Frameworks */,
			);
			runOnlyForDeploymentPostprocessing = 0;
		};
		B463CC561C4FE13E002B4F9C /* Frameworks */ = {
			isa = PBXFrameworksBuildPhase;
			buildActionMask = 2147483647;
			files = (
			);
			runOnlyForDeploymentPostprocessing = 0;
		};
/* End PBXFrameworksBuildPhase section */

/* Begin PBXGroup section */
		45982A8B8F3404D2936E21D4 /* Pods */ = {
			isa = PBXGroup;
			children = (
				5FCA5FDF42D14EBE6C192A99 /* Pods-AsthmaHealth.debug.xcconfig */,
				ED477E84A6745291D4FA5E6F /* Pods-AsthmaHealth.release.xcconfig */,
			);
			name = Pods;
			sourceTree = "<group>";
		};
		A4508778D160FAB64FC7C871 /* Frameworks */ = {
			isa = PBXGroup;
			children = (
				4558CE8C8B08463856C554DF /* libPods-AsthmaHealth.a */,
			);
			name = Frameworks;
			sourceTree = "<group>";
		};
		B463CC371C4FE13D002B4F9C = {
			isa = PBXGroup;
			children = (
				B463CC421C4FE13D002B4F9C /* AsthmaHealth */,
				B463CC5C1C4FE13E002B4F9C /* AsthmaHealthTests */,
				B463CC411C4FE13D002B4F9C /* Products */,
				45982A8B8F3404D2936E21D4 /* Pods */,
				A4508778D160FAB64FC7C871 /* Frameworks */,
			);
			sourceTree = "<group>";
		};
		B463CC411C4FE13D002B4F9C /* Products */ = {
			isa = PBXGroup;
			children = (
				B463CC401C4FE13D002B4F9C /* AsthmaHealth.app */,
				B463CC591C4FE13E002B4F9C /* AsthmaHealthTests.xctest */,
			);
			name = Products;
			sourceTree = "<group>";
		};
		B463CC421C4FE13D002B4F9C /* AsthmaHealth */ = {
			isa = PBXGroup;
			children = (
				B463CC711C4FEBC2002B4F9C /* Models */,
				B463CC6C1C4FEA9A002B4F9C /* Views */,
				B463CC6B1C4FEA2E002B4F9C /* ViewControllers */,
				B4B6F4901C5C0564002EB098 /* Controllers */,
				B4E8DDD91C57D42A00878DE4 /* Categories */,
				B463CC431C4FE13D002B4F9C /* SupportingFiles */,
			);
			path = AsthmaHealth;
			sourceTree = "<group>";
		};
		B463CC431C4FE13D002B4F9C /* SupportingFiles */ = {
			isa = PBXGroup;
			children = (
				B463CC461C4FE13D002B4F9C /* ACMAppDelegate.h */,
				B463CC471C4FE13D002B4F9C /* ACMAppDelegate.m */,
				B463CC441C4FE13D002B4F9C /* main.m */,
				B463CC541C4FE13D002B4F9C /* Info.plist */,
				B43ECBDB1C51885900865C5A /* Secrets.h */,
			);
			path = SupportingFiles;
			sourceTree = "<group>";
		};
		B463CC5C1C4FE13E002B4F9C /* AsthmaHealthTests */ = {
			isa = PBXGroup;
			children = (
				B463CC5D1C4FE13E002B4F9C /* AsthmaHealthTests.m */,
				B463CC5F1C4FE13E002B4F9C /* Info.plist */,
			);
			path = AsthmaHealthTests;
			sourceTree = "<group>";
		};
		B463CC6B1C4FEA2E002B4F9C /* ViewControllers */ = {
			isa = PBXGroup;
			children = (
				B43ECBCC1C4FF9D800865C5A /* ACMOnboardingViewController.h */,
				B43ECBCD1C4FF9D800865C5A /* ACMOnboardingViewController.m */,
				B463CC491C4FE13D002B4F9C /* ACMConsentViewController.h */,
				B463CC4A1C4FE13D002B4F9C /* ACMConsentViewController.m */,
				B43ECBD81C51772300865C5A /* ACMSignUpViewController.h */,
				B43ECBD91C51772300865C5A /* ACMSignUpViewController.m */,
				B4F208EE1C615C9800F81180 /* ACMLoginViewController.h */,
				B4F208EF1C615C9800F81180 /* ACMLoginViewController.m */,
				B403FAA11C58097600146B3C /* ACMActivitiesViewController.h */,
				B403FAA21C58097600146B3C /* ACMActivitiesViewController.m */,
				B403FA9E1C5806E400146B3C /* ACMSurveyFactory.h */,
				B403FA9F1C5806E400146B3C /* ACMSurveyFactory.m */,
				B4B6F49B1C5FEFF3002EB098 /* ACMProfileViewController.h */,
				B4B6F49C1C5FEFF3002EB098 /* ACMProfileViewController.m */,
				B4F209081C62A5D400F81180 /* ACMDashboardViewController.h */,
				B4F209091C62A5D400F81180 /* ACMDashboardViewController.m */,
				B4F209171C650F9600F81180 /* ACMDashSurveysViewController.h */,
				B4F209181C650F9600F81180 /* ACMDashSurveysViewController.m */,
			);
			path = ViewControllers;
			sourceTree = "<group>";
		};
		B463CC6C1C4FEA9A002B4F9C /* Views */ = {
			isa = PBXGroup;
			children = (
				B463CC4F1C4FE13D002B4F9C /* Assets.xcassets */,
				B463CC6D1C4FEB70002B4F9C /* LaunchScreen.storyboard */,
				B463CC6F1C4FEB7F002B4F9C /* Onboarding.storyboard */,
				B43ECBCA1C4FF8DF00865C5A /* Consent.storyboard */,
				B43ECBD61C51709E00865C5A /* SignUp.storyboard */,
				B4F208EC1C6152BB00F81180 /* Login.storyboard */,
				B4B6F4971C5FD760002EB098 /* MainPanel.storyboard */,
				B403FA9C1C58002300146B3C /* Activities.storyboard */,
				B4F209061C62A2CE00F81180 /* Dashboard.storyboard */,
				B4F209201C65B38800F81180 /* Learn.storyboard */,
				B4B6F4991C5FECE7002EB098 /* Profile.storyboard */,
			);
			path = Views;
			sourceTree = "<group>";
		};
		B463CC711C4FEBC2002B4F9C /* Models */ = {
			isa = PBXGroup;
			children = (
				B43ECBCF1C50004A00865C5A /* ACMConsentDocument.h */,
				B43ECBD01C50004A00865C5A /* ACMConsentDocument.m */,
				B43ECBD21C50027500865C5A /* ACMConsentTask.h */,
				B43ECBD31C50027500865C5A /* ACMConsentTask.m */,
				B403FAA41C59338300146B3C /* ACMResultWrapper.h */,
				B403FAA51C59338300146B3C /* ACMResultWrapper.m */,
				B4B6F4941C5C081B002EB098 /* ACMUserData.h */,
				B4B6F4951C5C081B002EB098 /* ACMUserData.m */,
				B4F2091A1C65440900F81180 /* ACMSurveyMetaData.h */,
				B4F2091B1C65440900F81180 /* ACMSurveyMetaData.m */,
				B4F2091D1C65458300F81180 /* ACMSurveyCollection.h */,
				B4F2091E1C65458300F81180 /* ACMSurveyCollection.m */,
			);
			path = Models;
			sourceTree = "<group>";
		};
		B4B6F4901C5C0564002EB098 /* Controllers */ = {
			isa = PBXGroup;
			children = (
				B4B6F4911C5C05A3002EB098 /* ACMUserController.h */,
				B4B6F4921C5C05A3002EB098 /* ACMUserController.m */,
				B4F208F11C615F6E00F81180 /* ACMValidators.h */,
				B4F208F21C615F6E00F81180 /* ACMValidators.m */,
				B4F208F41C6246C100F81180 /* ACMAlerter.h */,
				B4F208F51C6246C100F81180 /* ACMAlerter.m */,
			);
			path = Controllers;
			sourceTree = "<group>";
		};
		B4E8DDD91C57D42A00878DE4 /* Categories */ = {
			isa = PBXGroup;
			children = (
				B4A9CEC71C57D4CC0073A76F /* ORKResult+CloudMine.h */,
				B4A9CEC81C57D4CC0073A76F /* ORKResult+CloudMine.m */,
			);
			path = Categories;
			sourceTree = "<group>";
		};
/* End PBXGroup section */

/* Begin PBXNativeTarget section */
		B463CC3F1C4FE13D002B4F9C /* AsthmaHealth */ = {
			isa = PBXNativeTarget;
			buildConfigurationList = B463CC621C4FE13E002B4F9C /* Build configuration list for PBXNativeTarget "AsthmaHealth" */;
			buildPhases = (
				277F08F9B6B5E811FF7CA812 /* Check Pods Manifest.lock */,
				B463CC3C1C4FE13D002B4F9C /* Sources */,
				B463CC3D1C4FE13D002B4F9C /* Frameworks */,
				B463CC3E1C4FE13D002B4F9C /* Resources */,
				547487C04960D83E3C101CD3 /* Embed Pods Frameworks */,
				C57C59DDE52293AFB42D5DC7 /* Copy Pods Resources */,
			);
			buildRules = (
			);
			dependencies = (
			);
			name = AsthmaHealth;
			productName = AsthmaHealth;
			productReference = B463CC401C4FE13D002B4F9C /* AsthmaHealth.app */;
			productType = "com.apple.product-type.application";
		};
		B463CC581C4FE13E002B4F9C /* AsthmaHealthTests */ = {
			isa = PBXNativeTarget;
			buildConfigurationList = B463CC651C4FE13E002B4F9C /* Build configuration list for PBXNativeTarget "AsthmaHealthTests" */;
			buildPhases = (
				B463CC551C4FE13E002B4F9C /* Sources */,
				B463CC561C4FE13E002B4F9C /* Frameworks */,
				B463CC571C4FE13E002B4F9C /* Resources */,
			);
			buildRules = (
			);
			dependencies = (
				B463CC5B1C4FE13E002B4F9C /* PBXTargetDependency */,
			);
			name = AsthmaHealthTests;
			productName = AsthmaHealthTests;
			productReference = B463CC591C4FE13E002B4F9C /* AsthmaHealthTests.xctest */;
			productType = "com.apple.product-type.bundle.unit-test";
		};
/* End PBXNativeTarget section */

/* Begin PBXProject section */
		B463CC381C4FE13D002B4F9C /* Project object */ = {
			isa = PBXProject;
			attributes = {
				LastUpgradeCheck = 0720;
				ORGANIZATIONNAME = CloudMine;
				TargetAttributes = {
					B463CC3F1C4FE13D002B4F9C = {
						CreatedOnToolsVersion = 7.2;
					};
					B463CC581C4FE13E002B4F9C = {
						CreatedOnToolsVersion = 7.2;
						TestTargetID = B463CC3F1C4FE13D002B4F9C;
					};
				};
			};
			buildConfigurationList = B463CC3B1C4FE13D002B4F9C /* Build configuration list for PBXProject "AsthmaHealth" */;
			compatibilityVersion = "Xcode 3.2";
			developmentRegion = English;
			hasScannedForEncodings = 0;
			knownRegions = (
				en,
				Base,
			);
			mainGroup = B463CC371C4FE13D002B4F9C;
			productRefGroup = B463CC411C4FE13D002B4F9C /* Products */;
			projectDirPath = "";
			projectRoot = "";
			targets = (
				B463CC3F1C4FE13D002B4F9C /* AsthmaHealth */,
				B463CC581C4FE13E002B4F9C /* AsthmaHealthTests */,
			);
		};
/* End PBXProject section */

/* Begin PBXResourcesBuildPhase section */
		B463CC3E1C4FE13D002B4F9C /* Resources */ = {
			isa = PBXResourcesBuildPhase;
			buildActionMask = 2147483647;
			files = (
				B463CC701C4FEB7F002B4F9C /* Onboarding.storyboard in Resources */,
				B4F209071C62A2CE00F81180 /* Dashboard.storyboard in Resources */,
				B403FA9D1C58002300146B3C /* Activities.storyboard in Resources */,
				B4B6F49A1C5FECE7002EB098 /* Profile.storyboard in Resources */,
				B4B6F4981C5FD760002EB098 /* MainPanel.storyboard in Resources */,
				B463CC501C4FE13D002B4F9C /* Assets.xcassets in Resources */,
				B4F209211C65B38800F81180 /* Learn.storyboard in Resources */,
				B463CC6E1C4FEB70002B4F9C /* LaunchScreen.storyboard in Resources */,
				B43ECBCB1C4FF8DF00865C5A /* Consent.storyboard in Resources */,
				B43ECBD71C51709E00865C5A /* SignUp.storyboard in Resources */,
				B4F208ED1C6152BB00F81180 /* Login.storyboard in Resources */,
			);
			runOnlyForDeploymentPostprocessing = 0;
		};
		B463CC571C4FE13E002B4F9C /* Resources */ = {
			isa = PBXResourcesBuildPhase;
			buildActionMask = 2147483647;
			files = (
			);
			runOnlyForDeploymentPostprocessing = 0;
		};
/* End PBXResourcesBuildPhase section */

/* Begin PBXShellScriptBuildPhase section */
		277F08F9B6B5E811FF7CA812 /* Check Pods Manifest.lock */ = {
			isa = PBXShellScriptBuildPhase;
			buildActionMask = 2147483647;
			files = (
			);
			inputPaths = (
			);
			name = "Check Pods Manifest.lock";
			outputPaths = (
			);
			runOnlyForDeploymentPostprocessing = 0;
			shellPath = /bin/sh;
			shellScript = "diff \"${PODS_ROOT}/../Podfile.lock\" \"${PODS_ROOT}/Manifest.lock\" > /dev/null\nif [[ $? != 0 ]] ; then\n    cat << EOM\nerror: The sandbox is not in sync with the Podfile.lock. Run 'pod install' or update your CocoaPods installation.\nEOM\n    exit 1\nfi\n";
			showEnvVarsInLog = 0;
		};
		547487C04960D83E3C101CD3 /* Embed Pods Frameworks */ = {
			isa = PBXShellScriptBuildPhase;
			buildActionMask = 2147483647;
			files = (
			);
			inputPaths = (
			);
			name = "Embed Pods Frameworks";
			outputPaths = (
			);
			runOnlyForDeploymentPostprocessing = 0;
			shellPath = /bin/sh;
			shellScript = "\"${SRCROOT}/Pods/Target Support Files/Pods-AsthmaHealth/Pods-AsthmaHealth-frameworks.sh\"\n";
			showEnvVarsInLog = 0;
		};
		C57C59DDE52293AFB42D5DC7 /* Copy Pods Resources */ = {
			isa = PBXShellScriptBuildPhase;
			buildActionMask = 2147483647;
			files = (
			);
			inputPaths = (
			);
			name = "Copy Pods Resources";
			outputPaths = (
			);
			runOnlyForDeploymentPostprocessing = 0;
			shellPath = /bin/sh;
			shellScript = "\"${SRCROOT}/Pods/Target Support Files/Pods-AsthmaHealth/Pods-AsthmaHealth-resources.sh\"\n";
			showEnvVarsInLog = 0;
		};
/* End PBXShellScriptBuildPhase section */

/* Begin PBXSourcesBuildPhase section */
		B463CC3C1C4FE13D002B4F9C /* Sources */ = {
			isa = PBXSourcesBuildPhase;
			buildActionMask = 2147483647;
			files = (
				B43ECBDA1C51772300865C5A /* ACMSignUpViewController.m in Sources */,
				B4F209191C650F9600F81180 /* ACMDashSurveysViewController.m in Sources */,
				B403FAA01C5806E400146B3C /* ACMSurveyFactory.m in Sources */,
				B463CC4B1C4FE13D002B4F9C /* ACMConsentViewController.m in Sources */,
				B4A9CEC91C57D4CC0073A76F /* ORKResult+CloudMine.m in Sources */,
				B4F208F61C6246C100F81180 /* ACMAlerter.m in Sources */,
				B4F208F31C615F6E00F81180 /* ACMValidators.m in Sources */,
				B4B6F49D1C5FEFF3002EB098 /* ACMProfileViewController.m in Sources */,
				B463CC481C4FE13D002B4F9C /* ACMAppDelegate.m in Sources */,
				B43ECBD11C50004A00865C5A /* ACMConsentDocument.m in Sources */,
				B4F2091C1C65440900F81180 /* ACMSurveyMetaData.m in Sources */,
				B403FAA31C58097600146B3C /* ACMActivitiesViewController.m in Sources */,
				B4B6F4961C5C081B002EB098 /* ACMUserData.m in Sources */,
				B43ECBD41C50027500865C5A /* ACMConsentTask.m in Sources */,
				B403FAA61C59338300146B3C /* ACMResultWrapper.m in Sources */,
				B4F2090A1C62A5D400F81180 /* ACMDashboardViewController.m in Sources */,
				B4F208F01C615C9800F81180 /* ACMLoginViewController.m in Sources */,
				B4B6F4931C5C05A3002EB098 /* ACMUserController.m in Sources */,
				B4F2091F1C65458300F81180 /* ACMSurveyCollection.m in Sources */,
				B463CC451C4FE13D002B4F9C /* main.m in Sources */,
				B43ECBCE1C4FF9D800865C5A /* ACMOnboardingViewController.m in Sources */,
			);
			runOnlyForDeploymentPostprocessing = 0;
		};
		B463CC551C4FE13E002B4F9C /* Sources */ = {
			isa = PBXSourcesBuildPhase;
			buildActionMask = 2147483647;
			files = (
				B463CC5E1C4FE13E002B4F9C /* AsthmaHealthTests.m in Sources */,
			);
			runOnlyForDeploymentPostprocessing = 0;
		};
/* End PBXSourcesBuildPhase section */

/* Begin PBXTargetDependency section */
		B463CC5B1C4FE13E002B4F9C /* PBXTargetDependency */ = {
			isa = PBXTargetDependency;
			target = B463CC3F1C4FE13D002B4F9C /* AsthmaHealth */;
			targetProxy = B463CC5A1C4FE13E002B4F9C /* PBXContainerItemProxy */;
		};
/* End PBXTargetDependency section */

/* Begin XCBuildConfiguration section */
		B463CC601C4FE13E002B4F9C /* Debug */ = {
			isa = XCBuildConfiguration;
			buildSettings = {
				ALWAYS_SEARCH_USER_PATHS = NO;
				CLANG_CXX_LANGUAGE_STANDARD = "gnu++0x";
				CLANG_CXX_LIBRARY = "libc++";
				CLANG_ENABLE_MODULES = YES;
				CLANG_ENABLE_OBJC_ARC = YES;
				CLANG_WARN_BOOL_CONVERSION = YES;
				CLANG_WARN_CONSTANT_CONVERSION = YES;
				CLANG_WARN_DIRECT_OBJC_ISA_USAGE = YES_ERROR;
				CLANG_WARN_EMPTY_BODY = YES;
				CLANG_WARN_ENUM_CONVERSION = YES;
				CLANG_WARN_INT_CONVERSION = YES;
				CLANG_WARN_OBJC_ROOT_CLASS = YES_ERROR;
				CLANG_WARN_UNREACHABLE_CODE = YES;
				CLANG_WARN__DUPLICATE_METHOD_MATCH = YES;
				"CODE_SIGN_IDENTITY[sdk=iphoneos*]" = "iPhone Developer";
				COPY_PHASE_STRIP = NO;
				DEBUG_INFORMATION_FORMAT = dwarf;
				ENABLE_STRICT_OBJC_MSGSEND = YES;
				ENABLE_TESTABILITY = YES;
				GCC_C_LANGUAGE_STANDARD = gnu99;
				GCC_DYNAMIC_NO_PIC = NO;
				GCC_NO_COMMON_BLOCKS = YES;
				GCC_OPTIMIZATION_LEVEL = 0;
				GCC_PREPROCESSOR_DEFINITIONS = (
					"DEBUG=1",
					"$(inherited)",
				);
				GCC_WARN_64_TO_32_BIT_CONVERSION = YES;
				GCC_WARN_ABOUT_RETURN_TYPE = YES_ERROR;
				GCC_WARN_UNDECLARED_SELECTOR = YES;
				GCC_WARN_UNINITIALIZED_AUTOS = YES_AGGRESSIVE;
				GCC_WARN_UNUSED_FUNCTION = YES;
				GCC_WARN_UNUSED_VARIABLE = YES;
				IPHONEOS_DEPLOYMENT_TARGET = 9.2;
				MTL_ENABLE_DEBUG_INFO = YES;
				ONLY_ACTIVE_ARCH = YES;
				SDKROOT = iphoneos;
			};
			name = Debug;
		};
		B463CC611C4FE13E002B4F9C /* Release */ = {
			isa = XCBuildConfiguration;
			buildSettings = {
				ALWAYS_SEARCH_USER_PATHS = NO;
				CLANG_CXX_LANGUAGE_STANDARD = "gnu++0x";
				CLANG_CXX_LIBRARY = "libc++";
				CLANG_ENABLE_MODULES = YES;
				CLANG_ENABLE_OBJC_ARC = YES;
				CLANG_WARN_BOOL_CONVERSION = YES;
				CLANG_WARN_CONSTANT_CONVERSION = YES;
				CLANG_WARN_DIRECT_OBJC_ISA_USAGE = YES_ERROR;
				CLANG_WARN_EMPTY_BODY = YES;
				CLANG_WARN_ENUM_CONVERSION = YES;
				CLANG_WARN_INT_CONVERSION = YES;
				CLANG_WARN_OBJC_ROOT_CLASS = YES_ERROR;
				CLANG_WARN_UNREACHABLE_CODE = YES;
				CLANG_WARN__DUPLICATE_METHOD_MATCH = YES;
				"CODE_SIGN_IDENTITY[sdk=iphoneos*]" = "iPhone Developer";
				COPY_PHASE_STRIP = NO;
				DEBUG_INFORMATION_FORMAT = "dwarf-with-dsym";
				ENABLE_NS_ASSERTIONS = NO;
				ENABLE_STRICT_OBJC_MSGSEND = YES;
				GCC_C_LANGUAGE_STANDARD = gnu99;
				GCC_NO_COMMON_BLOCKS = YES;
				GCC_WARN_64_TO_32_BIT_CONVERSION = YES;
				GCC_WARN_ABOUT_RETURN_TYPE = YES_ERROR;
				GCC_WARN_UNDECLARED_SELECTOR = YES;
				GCC_WARN_UNINITIALIZED_AUTOS = YES_AGGRESSIVE;
				GCC_WARN_UNUSED_FUNCTION = YES;
				GCC_WARN_UNUSED_VARIABLE = YES;
				IPHONEOS_DEPLOYMENT_TARGET = 9.2;
				MTL_ENABLE_DEBUG_INFO = NO;
				SDKROOT = iphoneos;
				VALIDATE_PRODUCT = YES;
			};
			name = Release;
		};
		B463CC631C4FE13E002B4F9C /* Debug */ = {
			isa = XCBuildConfiguration;
			baseConfigurationReference = 5FCA5FDF42D14EBE6C192A99 /* Pods-AsthmaHealth.debug.xcconfig */;
			buildSettings = {
				ASSETCATALOG_COMPILER_APPICON_NAME = AppIcon;
				INFOPLIST_FILE = "$(SRCROOT)/AsthmaHealth/SupportingFiles/Info.plist";
				IPHONEOS_DEPLOYMENT_TARGET = 9.0;
				LD_RUNPATH_SEARCH_PATHS = "$(inherited) @executable_path/Frameworks";
				PRODUCT_BUNDLE_IDENTIFIER = me.cloudmine.AsthmaHealth;
				PRODUCT_NAME = "$(TARGET_NAME)";
			};
			name = Debug;
		};
		B463CC641C4FE13E002B4F9C /* Release */ = {
			isa = XCBuildConfiguration;
			baseConfigurationReference = ED477E84A6745291D4FA5E6F /* Pods-AsthmaHealth.release.xcconfig */;
			buildSettings = {
				ASSETCATALOG_COMPILER_APPICON_NAME = AppIcon;
				INFOPLIST_FILE = "$(SRCROOT)/AsthmaHealth/SupportingFiles/Info.plist";
				IPHONEOS_DEPLOYMENT_TARGET = 9.0;
				LD_RUNPATH_SEARCH_PATHS = "$(inherited) @executable_path/Frameworks";
				PRODUCT_BUNDLE_IDENTIFIER = me.cloudmine.AsthmaHealth;
				PRODUCT_NAME = "$(TARGET_NAME)";
			};
			name = Release;
		};
		B463CC661C4FE13E002B4F9C /* Debug */ = {
			isa = XCBuildConfiguration;
			buildSettings = {
				BUNDLE_LOADER = "$(TEST_HOST)";
				INFOPLIST_FILE = AsthmaHealthTests/Info.plist;
				LD_RUNPATH_SEARCH_PATHS = "$(inherited) @executable_path/Frameworks @loader_path/Frameworks";
				PRODUCT_BUNDLE_IDENTIFIER = me.cloudmine.AsthmaHealthTests;
				PRODUCT_NAME = "$(TARGET_NAME)";
				TEST_HOST = "$(BUILT_PRODUCTS_DIR)/AsthmaHealth.app/AsthmaHealth";
			};
			name = Debug;
		};
		B463CC671C4FE13E002B4F9C /* Release */ = {
			isa = XCBuildConfiguration;
			buildSettings = {
				BUNDLE_LOADER = "$(TEST_HOST)";
				INFOPLIST_FILE = AsthmaHealthTests/Info.plist;
				LD_RUNPATH_SEARCH_PATHS = "$(inherited) @executable_path/Frameworks @loader_path/Frameworks";
				PRODUCT_BUNDLE_IDENTIFIER = me.cloudmine.AsthmaHealthTests;
				PRODUCT_NAME = "$(TARGET_NAME)";
				TEST_HOST = "$(BUILT_PRODUCTS_DIR)/AsthmaHealth.app/AsthmaHealth";
			};
			name = Release;
		};
/* End XCBuildConfiguration section */

/* Begin XCConfigurationList section */
		B463CC3B1C4FE13D002B4F9C /* Build configuration list for PBXProject "AsthmaHealth" */ = {
			isa = XCConfigurationList;
			buildConfigurations = (
				B463CC601C4FE13E002B4F9C /* Debug */,
				B463CC611C4FE13E002B4F9C /* Release */,
			);
			defaultConfigurationIsVisible = 0;
			defaultConfigurationName = Release;
		};
		B463CC621C4FE13E002B4F9C /* Build configuration list for PBXNativeTarget "AsthmaHealth" */ = {
			isa = XCConfigurationList;
			buildConfigurations = (
				B463CC631C4FE13E002B4F9C /* Debug */,
				B463CC641C4FE13E002B4F9C /* Release */,
			);
			defaultConfigurationIsVisible = 0;
			defaultConfigurationName = Release;
		};
		B463CC651C4FE13E002B4F9C /* Build configuration list for PBXNativeTarget "AsthmaHealthTests" */ = {
			isa = XCConfigurationList;
			buildConfigurations = (
				B463CC661C4FE13E002B4F9C /* Debug */,
				B463CC671C4FE13E002B4F9C /* Release */,
			);
			defaultConfigurationIsVisible = 0;
			defaultConfigurationName = Release;
		};
/* End XCConfigurationList section */
	};
	rootObject = B463CC381C4FE13D002B4F9C /* Project object */;
}
